
Microsoft Visual Studio Solution File, Format Version 12.00
# Visual Studio Version 16
VisualStudioVersion = 16.0.31005.135
MinimumVisualStudioVersion = 10.0.40219.1
Project("{9A19103F-16F7-4668-BE54-9A1E7A4F7556}") = "ReaderApp", "ReaderApp\ReaderApp.csproj", "{81E62A1C-A57B-4F91-B8D0-ABC2EAA76360}"
EndProject
Project("{9A19103F-16F7-4668-BE54-9A1E7A4F7556}") = "ReaderApp.Data", "ReaderApp.Data\ReaderApp.Data.csproj", "{A538FA9A-87BC-4F3A-B9D1-4ACAE0E8A005}"
EndProject
Project("{9A19103F-16F7-4668-BE54-9A1E7A4F7556}") = "ReaderApp.Services", "ReaderApp.Services\ReaderApp.Services.csproj", "{BFC3E5AA-078A-415A-9DD7-F3E5447A521E}"
EndProject
Project("{FAE04EC0-301F-11D3-BF4B-00C04F79EFBC}") = "ReaderApp.Commands", "ReaderApp.Commands\ReaderApp.Commands.csproj", "{2B4F43AD-1877-4F1D-92E4-22E19E4FADC8}"
EndProject
Global
	GlobalSection(SolutionConfigurationPlatforms) = preSolution
		Debug|Any CPU = Debug|Any CPU
		Release|Any CPU = Release|Any CPU
	EndGlobalSection
	GlobalSection(ProjectConfigurationPlatforms) = postSolution
		{81E62A1C-A57B-4F91-B8D0-ABC2EAA76360}.Debug|Any CPU.ActiveCfg = Debug|Any CPU
		{81E62A1C-A57B-4F91-B8D0-ABC2EAA76360}.Debug|Any CPU.Build.0 = Debug|Any CPU
		{81E62A1C-A57B-4F91-B8D0-ABC2EAA76360}.Release|Any CPU.ActiveCfg = Release|Any CPU
		{81E62A1C-A57B-4F91-B8D0-ABC2EAA76360}.Release|Any CPU.Build.0 = Release|Any CPU
		{A538FA9A-87BC-4F3A-B9D1-4ACAE0E8A005}.Debug|Any CPU.ActiveCfg = Debug|Any CPU
		{A538FA9A-87BC-4F3A-B9D1-4ACAE0E8A005}.Debug|Any CPU.Build.0 = Debug|Any CPU
		{A538FA9A-87BC-4F3A-B9D1-4ACAE0E8A005}.Release|Any CPU.ActiveCfg = Release|Any CPU
		{A538FA9A-87BC-4F3A-B9D1-4ACAE0E8A005}.Release|Any CPU.Build.0 = Release|Any CPU
		{BFC3E5AA-078A-415A-9DD7-F3E5447A521E}.Debug|Any CPU.ActiveCfg = Debug|Any CPU
		{BFC3E5AA-078A-415A-9DD7-F3E5447A521E}.Debug|Any CPU.Build.0 = Debug|Any CPU
		{BFC3E5AA-078A-415A-9DD7-F3E5447A521E}.Release|Any CPU.ActiveCfg = Release|Any CPU
		{BFC3E5AA-078A-415A-9DD7-F3E5447A521E}.Release|Any CPU.Build.0 = Release|Any CPU
		{2B4F43AD-1877-4F1D-92E4-22E19E4FADC8}.Debug|Any CPU.ActiveCfg = Debug|Any CPU
		{2B4F43AD-1877-4F1D-92E4-22E19E4FADC8}.Debug|Any CPU.Build.0 = Debug|Any CPU
		{2B4F43AD-1877-4F1D-92E4-22E19E4FADC8}.Release|Any CPU.ActiveCfg = Release|Any CPU
		{2B4F43AD-1877-4F1D-92E4-22E19E4FADC8}.Release|Any CPU.Build.0 = Release|Any CPU
	EndGlobalSection
	GlobalSection(SolutionProperties) = preSolution
		HideSolutionNode = FALSE
	EndGlobalSection
	GlobalSection(ExtensibilityGlobals) = postSolution
		SolutionGuid = {EA286659-CE9B-4029-8475-0E793FC7E361}
	EndGlobalSection
EndGlobal
